
Microsoft Visual Studio Solution File, Format Version 12.00
# Visual Studio Version 17
VisualStudioVersion = 17.5.33424.131
MinimumVisualStudioVersion = 10.0.40219.1
Project("{FAE04EC0-301F-11D3-BF4B-00C04F79EFBC}") = "Toucan.Youcan", "Toucan.Youcan\Toucan.Youcan.csproj", "{B57EC59E-9FF4-4C51-9CC6-2BE5DE4F48BD}"
EndProject
Global
	GlobalSection(SolutionConfigurationPlatforms) = preSolution
		Debug|Any CPU = Debug|Any CPU
		Release|Any CPU = Release|Any CPU
	EndGlobalSection
	GlobalSection(ProjectConfigurationPlatforms) = postSolution
		{B57EC59E-9FF4-4C51-9CC6-2BE5DE4F48BD}.Debug|Any CPU.ActiveCfg = Debug|Any CPU
		{B57EC59E-9FF4-4C51-9CC6-2BE5DE4F48BD}.Debug|Any CPU.Build.0 = Debug|Any CPU
		{B57EC59E-9FF4-4C51-9CC6-2BE5DE4F48BD}.Release|Any CPU.ActiveCfg = Release|Any CPU
		{B57EC59E-9FF4-4C51-9CC6-2BE5DE4F48BD}.Release|Any CPU.Build.0 = Release|Any CPU
	EndGlobalSection
	GlobalSection(SolutionProperties) = preSolution
		HideSolutionNode = FALSE
	EndGlobalSection
	GlobalSection(ExtensibilityGlobals) = postSolution
		SolutionGuid = {9D057AC7-3E45-48EB-B98C-4501358CF678}
	EndGlobalSection
EndGlobal
